
Microsoft Visual Studio Solution File, Format Version 12.00
# Visual Studio Version 16
VisualStudioVersion = 16.0.32126.315
MinimumVisualStudioVersion = 10.0.40219.1
Project("{FAE04EC0-301F-11D3-BF4B-00C04F79EFBC}") = "ConsultaCepMobile.UWP", "ConsultaCepMobile.UWP\ConsultaCepMobile.UWP.csproj", "{A3755082-42B5-4B1B-8E55-ACEACCC1D38D}"
EndProject
Project("{FAE04EC0-301F-11D3-BF4B-00C04F79EFBC}") = "ConsultaCepMobile.Android", "ConsultaCepMobile.Android\ConsultaCepMobile.Android.csproj", "{7F3D7D83-821C-44A3-BE91-69F6D62EDDB2}"
EndProject
Project("{FAE04EC0-301F-11D3-BF4B-00C04F79EFBC}") = "ConsultaCepMobile.iOS", "ConsultaCepMobile.iOS\ConsultaCepMobile.iOS.csproj", "{B7FE371E-A05E-4C05-951C-0D8739A738BF}"
EndProject
Project("{FAE04EC0-301F-11D3-BF4B-00C04F79EFBC}") = "ConsultaCepMobile", "ConsultaCepMobile\ConsultaCepMobile.csproj", "{9EE258EE-3FEB-40EF-B532-C08BF4E9DE1E}"
EndProject
Global
	GlobalSection(SolutionConfigurationPlatforms) = preSolution
		Debug|Any CPU = Debug|Any CPU
		Debug|ARM = Debug|ARM
		Debug|iPhone = Debug|iPhone
		Debug|iPhoneSimulator = Debug|iPhoneSimulator
		Debug|x64 = Debug|x64
		Debug|x86 = Debug|x86
		Release|Any CPU = Release|Any CPU
		Release|ARM = Release|ARM
		Release|iPhone = Release|iPhone
		Release|iPhoneSimulator = Release|iPhoneSimulator
		Release|x64 = Release|x64
		Release|x86 = Release|x86
	EndGlobalSection
	GlobalSection(ProjectConfigurationPlatforms) = postSolution
		{A3755082-42B5-4B1B-8E55-ACEACCC1D38D}.Debug|Any CPU.ActiveCfg = Debug|x86
		{A3755082-42B5-4B1B-8E55-ACEACCC1D38D}.Debug|Any CPU.Build.0 = Debug|x86
		{A3755082-42B5-4B1B-8E55-ACEACCC1D38D}.Debug|Any CPU.Deploy.0 = Debug|x86
		{A3755082-42B5-4B1B-8E55-ACEACCC1D38D}.Debug|ARM.ActiveCfg = Debug|ARM
		{A3755082-42B5-4B1B-8E55-ACEACCC1D38D}.Debug|ARM.Build.0 = Debug|ARM
		{A3755082-42B5-4B1B-8E55-ACEACCC1D38D}.Debug|ARM.Deploy.0 = Debug|ARM
		{A3755082-42B5-4B1B-8E55-ACEACCC1D38D}.Debug|iPhone.ActiveCfg = Debug|x86
		{A3755082-42B5-4B1B-8E55-ACEACCC1D38D}.Debug|iPhone.Build.0 = Debug|x86
		{A3755082-42B5-4B1B-8E55-ACEACCC1D38D}.Debug|iPhone.Deploy.0 = Debug|x86
		{A3755082-42B5-4B1B-8E55-ACEACCC1D38D}.Debug|iPhoneSimulator.ActiveCfg = Debug|x86
		{A3755082-42B5-4B1B-8E55-ACEACCC1D38D}.Debug|iPhoneSimulator.Build.0 = Debug|x86
		{A3755082-42B5-4B1B-8E55-ACEACCC1D38D}.Debug|iPhoneSimulator.Deploy.0 = Debug|x86
		{A3755082-42B5-4B1B-8E55-ACEACCC1D38D}.Debug|x64.ActiveCfg = Debug|x64
		{A3755082-42B5-4B1B-8E55-ACEACCC1D38D}.Debug|x64.Build.0 = Debug|x64
		{A3755082-42B5-4B1B-8E55-ACEACCC1D38D}.Debug|x64.Deploy.0 = Debug|x64
		{A3755082-42B5-4B1B-8E55-ACEACCC1D38D}.Debug|x86.ActiveCfg = Debug|x86
		{A3755082-42B5-4B1B-8E55-ACEACCC1D38D}.Debug|x86.Build.0 = Debug|x86
		{A3755082-42B5-4B1B-8E55-ACEACCC1D38D}.Debug|x86.Deploy.0 = Debug|x86
		{A3755082-42B5-4B1B-8E55-ACEACCC1D38D}.Release|Any CPU.ActiveCfg = Release|x86
		{A3755082-42B5-4B1B-8E55-ACEACCC1D38D}.Release|Any CPU.Build.0 = Release|x86
		{A3755082-42B5-4B1B-8E55-ACEACCC1D38D}.Release|Any CPU.Deploy.0 = Release|x86
		{A3755082-42B5-4B1B-8E55-ACEACCC1D38D}.Release|ARM.ActiveCfg = Release|ARM
		{A3755082-42B5-4B1B-8E55-ACEACCC1D38D}.Release|ARM.Build.0 = Release|ARM
		{A3755082-42B5-4B1B-8E55-ACEACCC1D38D}.Release|ARM.Deploy.0 = Release|ARM
		{A3755082-42B5-4B1B-8E55-ACEACCC1D38D}.Release|iPhone.ActiveCfg = Release|x86
		{A3755082-42B5-4B1B-8E55-ACEACCC1D38D}.Release|iPhone.Build.0 = Release|x86
		{A3755082-42B5-4B1B-8E55-ACEACCC1D38D}.Release|iPhone.Deploy.0 = Release|x86
		{A3755082-42B5-4B1B-8E55-ACEACCC1D38D}.Release|iPhoneSimulator.ActiveCfg = Release|x86
		{A3755082-42B5-4B1B-8E55-ACEACCC1D38D}.Release|iPhoneSimulator.Build.0 = Release|x86
		{A3755082-42B5-4B1B-8E55-ACEACCC1D38D}.Release|iPhoneSimulator.Deploy.0 = Release|x86
		{A3755082-42B5-4B1B-8E55-ACEACCC1D38D}.Release|x64.ActiveCfg = Release|x64
		{A3755082-42B5-4B1B-8E55-ACEACCC1D38D}.Release|x64.Build.0 = Release|x64
		{A3755082-42B5-4B1B-8E55-ACEACCC1D38D}.Release|x64.Deploy.0 = Release|x64
		{A3755082-42B5-4B1B-8E55-ACEACCC1D38D}.Release|x86.ActiveCfg = Release|x86
		{A3755082-42B5-4B1B-8E55-ACEACCC1D38D}.Release|x86.Build.0 = Release|x86
		{A3755082-42B5-4B1B-8E55-ACEACCC1D38D}.Release|x86.Deploy.0 = Release|x86
		{7F3D7D83-821C-44A3-BE91-69F6D62EDDB2}.Debug|Any CPU.ActiveCfg = Debug|Any CPU
		{7F3D7D83-821C-44A3-BE91-69F6D62EDDB2}.Debug|Any CPU.Build.0 = Debug|Any CPU
		{7F3D7D83-821C-44A3-BE91-69F6D62EDDB2}.Debug|Any CPU.Deploy.0 = Debug|Any CPU
		{7F3D7D83-821C-44A3-BE91-69F6D62EDDB2}.Debug|ARM.ActiveCfg = Debug|Any CPU
		{7F3D7D83-821C-44A3-BE91-69F6D62EDDB2}.Debug|ARM.Build.0 = Debug|Any CPU
		{7F3D7D83-821C-44A3-BE91-69F6D62EDDB2}.Debug|ARM.Deploy.0 = Debug|Any CPU
		{7F3D7D83-821C-44A3-BE91-69F6D62EDDB2}.Debug|iPhone.ActiveCfg = Debug|Any CPU
		{7F3D7D83-821C-44A3-BE91-69F6D62EDDB2}.Debug|iPhone.Build.0 = Debug|Any CPU
		{7F3D7D83-821C-44A3-BE91-69F6D62EDDB2}.Debug|iPhone.Deploy.0 = Debug|Any CPU
		{7F3D7D83-821C-44A3-BE91-69F6D62EDDB2}.Debug|iPhoneSimulator.ActiveCfg = Debug|Any CPU
		{7F3D7D83-821C-44A3-BE91-69F6D62EDDB2}.Debug|iPhoneSimulator.Build.0 = Debug|Any CPU
		{7F3D7D83-821C-44A3-BE91-69F6D62EDDB2}.Debug|iPhoneSimulator.Deploy.0 = Debug|Any CPU
		{7F3D7D83-821C-44A3-BE91-69F6D62EDDB2}.Debug|x64.ActiveCfg = Debug|Any CPU
		{7F3D7D83-821C-44A3-BE91-69F6D62EDDB2}.Debug|x64.Build.0 = Debug|Any CPU
		{7F3D7D83-821C-44A3-BE91-69F6D62EDDB2}.Debug|x64.Deploy.0 = Debug|Any CPU
		{7F3D7D83-821C-44A3-BE91-69F6D62EDDB2}.Debug|x86.ActiveCfg = Debug|Any CPU
		{7F3D7D83-821C-44A3-BE91-69F6D62EDDB2}.Debug|x86.Build.0 = Debug|Any CPU
		{7F3D7D83-821C-44A3-BE91-69F6D62EDDB2}.Debug|x86.Deploy.0 = Debug|Any CPU
		{7F3D7D83-821C-44A3-BE91-69F6D62EDDB2}.Release|Any CPU.ActiveCfg = Release|Any CPU
		{7F3D7D83-821C-44A3-BE91-69F6D62EDDB2}.Release|Any CPU.Build.0 = Release|Any CPU
		{7F3D7D83-821C-44A3-BE91-69F6D62EDDB2}.Release|Any CPU.Deploy.0 = Release|Any CPU
		{7F3D7D83-821C-44A3-BE91-69F6D62EDDB2}.Release|ARM.ActiveCfg = Release|Any CPU
		{7F3D7D83-821C-44A3-BE91-69F6D62EDDB2}.Release|ARM.Build.0 = Release|Any CPU
		{7F3D7D83-821C-44A3-BE91-69F6D62EDDB2}.Release|ARM.Deploy.0 = Release|Any CPU
		{7F3D7D83-821C-44A3-BE91-69F6D62EDDB2}.Release|iPhone.ActiveCfg = Release|Any CPU
		{7F3D7D83-821C-44A3-BE91-69F6D62EDDB2}.Release|iPhone.Build.0 = Release|Any CPU
		{7F3D7D83-821C-44A3-BE91-69F6D62EDDB2}.Release|iPhone.Deploy.0 = Release|Any CPU
		{7F3D7D83-821C-44A3-BE91-69F6D62EDDB2}.Release|iPhoneSimulator.ActiveCfg = Release|Any CPU
		{7F3D7D83-821C-44A3-BE91-69F6D62EDDB2}.Release|iPhoneSimulator.Build.0 = Release|Any CPU
		{7F3D7D83-821C-44A3-BE91-69F6D62EDDB2}.Release|iPhoneSimulator.Deploy.0 = Release|Any CPU
		{7F3D7D83-821C-44A3-BE91-69F6D62EDDB2}.Release|x64.ActiveCfg = Release|Any CPU
		{7F3D7D83-821C-44A3-BE91-69F6D62EDDB2}.Release|x64.Build.0 = Release|Any CPU
		{7F3D7D83-821C-44A3-BE91-69F6D62EDDB2}.Release|x64.Deploy.0 = Release|Any CPU
		{7F3D7D83-821C-44A3-BE91-69F6D62EDDB2}.Release|x86.ActiveCfg = Release|Any CPU
		{7F3D7D83-821C-44A3-BE91-69F6D62EDDB2}.Release|x86.Build.0 = Release|Any CPU
		{7F3D7D83-821C-44A3-BE91-69F6D62EDDB2}.Release|x86.Deploy.0 = Release|Any CPU
		{B7FE371E-A05E-4C05-951C-0D8739A738BF}.Debug|Any CPU.ActiveCfg = Debug|iPhoneSimulator
		{B7FE371E-A05E-4C05-951C-0D8739A738BF}.Debug|Any CPU.Build.0 = Debug|iPhoneSimulator
		{B7FE371E-A05E-4C05-951C-0D8739A738BF}.Debug|Any CPU.Deploy.0 = Debug|iPhoneSimulator
		{B7FE371E-A05E-4C05-951C-0D8739A738BF}.Debug|ARM.ActiveCfg = Debug|iPhone
		{B7FE371E-A05E-4C05-951C-0D8739A738BF}.Debug|ARM.Build.0 = Debug|iPhone
		{B7FE371E-A05E-4C05-951C-0D8739A738BF}.Debug|ARM.Deploy.0 = Debug|iPhone
		{B7FE371E-A05E-4C05-951C-0D8739A738BF}.Debug|iPhone.ActiveCfg = Debug|iPhone
		{B7FE371E-A05E-4C05-951C-0D8739A738BF}.Debug|iPhone.Build.0 = Debug|iPhone
		{B7FE371E-A05E-4C05-951C-0D8739A738BF}.Debug|iPhone.Deploy.0 = Debug|iPhone
		{B7FE371E-A05E-4C05-951C-0D8739A738BF}.Debug|iPhoneSimulator.ActiveCfg = Debug|iPhoneSimulator
		{B7FE371E-A05E-4C05-951C-0D8739A738BF}.Debug|iPhoneSimulator.Build.0 = Debug|iPhoneSimulator
		{B7FE371E-A05E-4C05-951C-0D8739A738BF}.Debug|iPhoneSimulator.Deploy.0 = Debug|iPhoneSimulator
		{B7FE371E-A05E-4C05-951C-0D8739A738BF}.Debug|x64.ActiveCfg = Debug|iPhoneSimulator
		{B7FE371E-A05E-4C05-951C-0D8739A738BF}.Debug|x64.Build.0 = Debug|iPhoneSimulator
		{B7FE371E-A05E-4C05-951C-0D8739A738BF}.Debug|x64.Deploy.0 = Debug|iPhoneSimulator
		{B7FE371E-A05E-4C05-951C-0D8739A738BF}.Debug|x86.ActiveCfg = Debug|iPhoneSimulator
		{B7FE371E-A05E-4C05-951C-0D8739A738BF}.Debug|x86.Build.0 = Debug|iPhoneSimulator
		{B7FE371E-A05E-4C05-951C-0D8739A738BF}.Debug|x86.Deploy.0 = Debug|iPhoneSimulator
		{B7FE371E-A05E-4C05-951C-0D8739A738BF}.Release|Any CPU.ActiveCfg = Release|iPhoneSimulator
		{B7FE371E-A05E-4C05-951C-0D8739A738BF}.Release|Any CPU.Build.0 = Release|iPhoneSimulator
		{B7FE371E-A05E-4C05-951C-0D8739A738BF}.Release|Any CPU.Deploy.0 = Release|iPhoneSimulator
		{B7FE371E-A05E-4C05-951C-0D8739A738BF}.Release|ARM.ActiveCfg = Release|iPhoneSimulator
		{B7FE371E-A05E-4C05-951C-0D8739A738BF}.Release|ARM.Build.0 = Release|iPhoneSimulator
		{B7FE371E-A05E-4C05-951C-0D8739A738BF}.Release|ARM.Deploy.0 = Release|iPhoneSimulator
		{B7FE371E-A05E-4C05-951C-0D8739A738BF}.Release|iPhone.ActiveCfg = Release|iPhone
		{B7FE371E-A05E-4C05-951C-0D8739A738BF}.Release|iPhone.Build.0 = Release|iPhone
		{B7FE371E-A05E-4C05-951C-0D8739A738BF}.Release|iPhone.Deploy.0 = Release|iPhone
		{B7FE371E-A05E-4C05-951C-0D8739A738BF}.Release|iPhoneSimulator.ActiveCfg = Release|iPhoneSimulator
		{B7FE371E-A05E-4C05-951C-0D8739A738BF}.Release|iPhoneSimulator.Build.0 = Release|iPhoneSimulator
		{B7FE371E-A05E-4C05-951C-0D8739A738BF}.Release|iPhoneSimulator.Deploy.0 = Release|iPhoneSimulator
		{B7FE371E-A05E-4C05-951C-0D8739A738BF}.Release|x64.ActiveCfg = Release|iPhoneSimulator
		{B7FE371E-A05E-4C05-951C-0D8739A738BF}.Release|x64.Build.0 = Release|iPhoneSimulator
		{B7FE371E-A05E-4C05-951C-0D8739A738BF}.Release|x64.Deploy.0 = Release|iPhoneSimulator
		{B7FE371E-A05E-4C05-951C-0D8739A738BF}.Release|x86.ActiveCfg = Release|iPhoneSimulator
		{B7FE371E-A05E-4C05-951C-0D8739A738BF}.Release|x86.Build.0 = Release|iPhoneSimulator
		{B7FE371E-A05E-4C05-951C-0D8739A738BF}.Release|x86.Deploy.0 = Release|iPhoneSimulator
		{9EE258EE-3FEB-40EF-B532-C08BF4E9DE1E}.Debug|Any CPU.ActiveCfg = Debug|Any CPU
		{9EE258EE-3FEB-40EF-B532-C08BF4E9DE1E}.Debug|Any CPU.Build.0 = Debug|Any CPU
		{9EE258EE-3FEB-40EF-B532-C08BF4E9DE1E}.Debug|Any CPU.Deploy.0 = Debug|Any CPU
		{9EE258EE-3FEB-40EF-B532-C08BF4E9DE1E}.Debug|ARM.ActiveCfg = Debug|Any CPU
		{9EE258EE-3FEB-40EF-B532-C08BF4E9DE1E}.Debug|ARM.Build.0 = Debug|Any CPU
		{9EE258EE-3FEB-40EF-B532-C08BF4E9DE1E}.Debug|ARM.Deploy.0 = Debug|Any CPU
		{9EE258EE-3FEB-40EF-B532-C08BF4E9DE1E}.Debug|iPhone.ActiveCfg = Debug|Any CPU
		{9EE258EE-3FEB-40EF-B532-C08BF4E9DE1E}.Debug|iPhone.Build.0 = Debug|Any CPU
		{9EE258EE-3FEB-40EF-B532-C08BF4E9DE1E}.Debug|iPhone.Deploy.0 = Debug|Any CPU
		{9EE258EE-3FEB-40EF-B532-C08BF4E9DE1E}.Debug|iPhoneSimulator.ActiveCfg = Debug|Any CPU
		{9EE258EE-3FEB-40EF-B532-C08BF4E9DE1E}.Debug|iPhoneSimulator.Build.0 = Debug|Any CPU
		{9EE258EE-3FEB-40EF-B532-C08BF4E9DE1E}.Debug|iPhoneSimulator.Deploy.0 = Debug|Any CPU
		{9EE258EE-3FEB-40EF-B532-C08BF4E9DE1E}.Debug|x64.ActiveCfg = Debug|Any CPU
		{9EE258EE-3FEB-40EF-B532-C08BF4E9DE1E}.Debug|x64.Build.0 = Debug|Any CPU
		{9EE258EE-3FEB-40EF-B532-C08BF4E9DE1E}.Debug|x64.Deploy.0 = Debug|Any CPU
		{9EE258EE-3FEB-40EF-B532-C08BF4E9DE1E}.Debug|x86.ActiveCfg = Debug|Any CPU
		{9EE258EE-3FEB-40EF-B532-C08BF4E9DE1E}.Debug|x86.Build.0 = Debug|Any CPU
		{9EE258EE-3FEB-40EF-B532-C08BF4E9DE1E}.Debug|x86.Deploy.0 = Debug|Any CPU
		{9EE258EE-3FEB-40EF-B532-C08BF4E9DE1E}.Release|Any CPU.ActiveCfg = Release|Any CPU
		{9EE258EE-3FEB-40EF-B532-C08BF4E9DE1E}.Release|Any CPU.Build.0 = Release|Any CPU
		{9EE258EE-3FEB-40EF-B532-C08BF4E9DE1E}.Release|Any CPU.Deploy.0 = Release|Any CPU
		{9EE258EE-3FEB-40EF-B532-C08BF4E9DE1E}.Release|ARM.ActiveCfg = Release|Any CPU
		{9EE258EE-3FEB-40EF-B532-C08BF4E9DE1E}.Release|ARM.Build.0 = Release|Any CPU
		{9EE258EE-3FEB-40EF-B532-C08BF4E9DE1E}.Release|ARM.Deploy.0 = Release|Any CPU
		{9EE258EE-3FEB-40EF-B532-C08BF4E9DE1E}.Release|iPhone.ActiveCfg = Release|Any CPU
		{9EE258EE-3FEB-40EF-B532-C08BF4E9DE1E}.Release|iPhone.Build.0 = Release|Any CPU
		{9EE258EE-3FEB-40EF-B532-C08BF4E9DE1E}.Release|iPhone.Deploy.0 = Release|Any CPU
		{9EE258EE-3FEB-40EF-B532-C08BF4E9DE1E}.Release|iPhoneSimulator.ActiveCfg = Release|Any CPU
		{9EE258EE-3FEB-40EF-B532-C08BF4E9DE1E}.Release|iPhoneSimulator.Build.0 = Release|Any CPU
		{9EE258EE-3FEB-40EF-B532-C08BF4E9DE1E}.Release|iPhoneSimulator.Deploy.0 = Release|Any CPU
		{9EE258EE-3FEB-40EF-B532-C08BF4E9DE1E}.Release|x64.ActiveCfg = Release|Any CPU
		{9EE258EE-3FEB-40EF-B532-C08BF4E9DE1E}.Release|x64.Build.0 = Release|Any CPU
		{9EE258EE-3FEB-40EF-B532-C08BF4E9DE1E}.Release|x64.Deploy.0 = Release|Any CPU
		{9EE258EE-3FEB-40EF-B532-C08BF4E9DE1E}.Release|x86.ActiveCfg = Release|Any CPU
		{9EE258EE-3FEB-40EF-B532-C08BF4E9DE1E}.Release|x86.Build.0 = Release|Any CPU
		{9EE258EE-3FEB-40EF-B532-C08BF4E9DE1E}.Release|x86.Deploy.0 = Release|Any CPU
	EndGlobalSection
	GlobalSection(SolutionProperties) = preSolution
		HideSolutionNode = FALSE
	EndGlobalSection
	GlobalSection(ExtensibilityGlobals) = postSolution
		SolutionGuid = {EC760737-AE30-4361-80DA-0786BA65820E}
	EndGlobalSection
EndGlobal
